// !$*UTF8*$!
{
	archiveVersion = 1;
	classes = {
	};
	objectVersion = 46;
	objects = {

/* Begin PBXBuildFile section */
		4A760F571EF76A52005ADF52 /* main.swift in Sources */ = {isa = PBXBuildFile; fileRef = 4A760F561EF76A52005ADF52 /* main.swift */; };
		4A760F5E1EF76A5C005ADF52 /* File.swift in Sources */ = {isa = PBXBuildFile; fileRef = 4A760F5D1EF76A5C005ADF52 /* File.swift */; };
		4A760F601EF76DED005ADF52 /* File2.swift in Sources */ = {isa = PBXBuildFile; fileRef = 4A760F5F1EF76DED005ADF52 /* File2.swift */; };
/* End PBXBuildFile section */

/* Begin PBXCopyFilesBuildPhase section */
		4A760F511EF76A52005ADF52 /* CopyFiles */ = {
			isa = PBXCopyFilesBuildPhase;
			buildActionMask = 2147483647;
			dstPath = /usr/share/man/man1/;
			dstSubfolderSpec = 0;
			files = (
			);
			runOnlyForDeploymentPostprocessing = 1;
		};
/* End PBXCopyFilesBuildPhase section */

/* Begin PBXFileReference section */
		4A760F531EF76A52005ADF52 /* 20170619protocol */ = {isa = PBXFileReference; explicitFileType = "compiled.mach-o.executable"; includeInIndex = 0; path = 20170619protocol; sourceTree = BUILT_PRODUCTS_DIR; };
		4A760F561EF76A52005ADF52 /* main.swift */ = {isa = PBXFileReference; lastKnownFileType = sourcecode.swift; path = main.swift; sourceTree = "<group>"; };
		4A760F5D1EF76A5C005ADF52 /* File.swift */ = {isa = PBXFileReference; fileEncoding = 4; lastKnownFileType = sourcecode.swift; path = File.swift; sourceTree = "<group>"; };
		4A760F5F1EF76DED005ADF52 /* File2.swift */ = {isa = PBXFileReference; fileEncoding = 4; lastKnownFileType = sourcecode.swift; path = File2.swift; sourceTree = "<group>"; };
/* End PBXFileReference section */

/* Begin PBXFrameworksBuildPhase section */
		4A760F501EF76A52005ADF52 /* Frameworks */ = {
			isa = PBXFrameworksBuildPhase;
			buildActionMask = 2147483647;
			files = (
			);
			runOnlyForDeploymentPostprocessing = 0;
		};
/* End PBXFrameworksBuildPhase section */

/* Begin PBXGroup section */
		4A760F4A1EF76A52005ADF52 = {
			isa = PBXGroup;
			children = (
				4A760F551EF76A52005ADF52 /* 20170619protocol */,
				4A760F541EF76A52005ADF52 /* Products */,
			);
			sourceTree = "<group>";
		};
		4A760F541EF76A52005ADF52 /* Products */ = {
			isa = PBXGroup;
			children = (
				4A760F531EF76A52005ADF52 /* 20170619protocol */,
			);
			name = Products;
			sourceTree = "<group>";
		};
		4A760F551EF76A52005ADF52 /* 20170619protocol */ = {
			isa = PBXGroup;
			children = (
				4A760F561EF76A52005ADF52 /* main.swift */,
				4A760F5D1EF76A5C005ADF52 /* File.swift */,
				4A760F5F1EF76DED005ADF52 /* File2.swift */,
			);
			path = 20170619protocol;
			sourceTree = "<group>";
		};
/* End PBXGroup section */

/* Begin PBXNativeTarget section */
		4A760F521EF76A52005ADF52 /* 20170619protocol */ = {
			isa = PBXNativeTarget;
			buildConfigurationList = 4A760F5A1EF76A52005ADF52 /* Build configuration list for PBXNativeTarget "20170619protocol" */;
			buildPhases = (
				4A760F4F1EF76A52005ADF52 /* Sources */,
				4A760F501EF76A52005ADF52 /* Frameworks */,
				4A760F511EF76A52005ADF52 /* CopyFiles */,
			);
			buildRules = (
			);
			dependencies = (
			);
			name = 20170619protocol;
			productName = 20170619protocol;
			productReference = 4A760F531EF76A52005ADF52 /* 20170619protocol */;
			productType = "com.apple.product-type.tool";
		};
/* End PBXNativeTarget section */

/* Begin PBXProject section */
		4A760F4B1EF76A52005ADF52 /* Project object */ = {
			isa = PBXProject;
			attributes = {
				LastSwiftUpdateCheck = 0830;
				LastUpgradeCheck = 0830;
				ORGANIZATIONNAME = "iii-user";
				TargetAttributes = {
					4A760F521EF76A52005ADF52 = {
						CreatedOnToolsVersion = 8.3.3;
						DevelopmentTeam = E6779B3XT4;
						ProvisioningStyle = Automatic;
					};
				};
			};
			buildConfigurationList = 4A760F4E1EF76A52005ADF52 /* Build configuration list for PBXProject "20170619protocol" */;
			compatibilityVersion = "Xcode 3.2";
			developmentRegion = English;
			hasScannedForEncodings = 0;
			knownRegions = (
				en,
			);
			mainGroup = 4A760F4A1EF76A52005ADF52;
			productRefGroup = 4A760F541EF76A52005ADF52 /* Products */;
			projectDirPath = "";
			projectRoot = "";
			targets = (
				4A760F521EF76A52005ADF52 /* 20170619protocol */,
			);
		};
/* End PBXProject section */

/* Begin PBXSourcesBuildPhase section */
		4A760F4F1EF76A52005ADF52 /* Sources */ = {
			isa = PBXSourcesBuildPhase;
			buildActionMask = 2147483647;
			files = (
				4A760F571EF76A52005ADF52 /* main.swift in Sources */,
				4A760F601EF76DED005ADF52 /* File2.swift in Sources */,
				4A760F5E1EF76A5C005ADF52 /* File.swift in Sources */,
			);
			runOnlyForDeploymentPostprocessing = 0;
		};
/* End PBXSourcesBuildPhase section */

/* Begin XCBuildConfiguration section */
		4A760F581EF76A52005ADF52 /* Debug */ = {
			isa = XCBuildConfiguration;
			buildSettings = {
				ALWAYS_SEARCH_USER_PATHS = NO;
				CLANG_ANALYZER_NONNULL = YES;
				CLANG_ANALYZER_NUMBER_OBJECT_CONVERSION = YES_AGGRESSIVE;
				CLANG_CXX_LANGUAGE_STANDARD = "gnu++0x";
				CLANG_CXX_LIBRARY = "libc++";
				CLANG_ENABLE_MODULES = YES;
				CLANG_ENABLE_OBJC_ARC = YES;
				CLANG_WARN_BOOL_CONVERSION = YES;
				CLANG_WARN_CONSTANT_CONVERSION = YES;
				CLANG_WARN_DIRECT_OBJC_ISA_USAGE = YES_ERROR;
				CLANG_WARN_DOCUMENTATION_COMMENTS = YES;
				CLANG_WARN_EMPTY_BODY = YES;
				CLANG_WARN_ENUM_CONVERSION = YES;
				CLANG_WARN_INFINITE_RECURSION = YES;
				CLANG_WARN_INT_CONVERSION = YES;
				CLANG_WARN_OBJC_ROOT_CLASS = YES_ERROR;
				CLANG_WARN_SUSPICIOUS_MOVE = YES;
				CLANG_WARN_UNREACHABLE_CODE = YES;
				CLANG_WARN__DUPLICATE_METHOD_MATCH = YES;
				CODE_SIGN_IDENTITY = "-";
				COPY_PHASE_STRIP = NO;
				DEBUG_INFORMATION_FORMAT = dwarf;
				ENABLE_STRICT_OBJC_MSGSEND = YES;
				ENABLE_TESTABILITY = YES;
				GCC_C_LANGUAGE_STANDARD = gnu99;
				GCC_DYNAMIC_NO_PIC = NO;
				GCC_NO_COMMON_BLOCKS = YES;
				GCC_OPTIMIZATION_LEVEL = 0;
				GCC_PREPROCESSOR_DEFINITIONS = (
					"DEBUG=1",
					"$(inherited)",
				);
				GCC_WARN_64_TO_32_BIT_CONVERSION = YES;
				GCC_WARN_ABOUT_RETURN_TYPE = YES_ERROR;
				GCC_WARN_UNDECLARED_SELECTOR = YES;
				GCC_WARN_UNINITIALIZED_AUTOS = YES_AGGRESSIVE;
				GCC_WARN_UNUSED_FUNCTION = YES;
				GCC_WARN_UNUSED_VARIABLE = YES;
				MACOSX_DEPLOYMENT_TARGET = 10.12;
				MTL_ENABLE_DEBUG_INFO = YES;
				ONLY_ACTIVE_ARCH = YES;
				SDKROOT = macosx;
				SWIFT_OPTIMIZATION_LEVEL = "-Onone";
			};
			name = Debug;
		};
		4A760F591EF76A52005ADF52 /* Release */ = {
			isa = XCBuildConfiguration;
			buildSettings = {
				ALWAYS_SEARCH_USER_PATHS = NO;
				CLANG_ANALYZER_NONNULL = YES;
				CLANG_ANALYZER_NUMBER_OBJECT_CONVERSION = YES_AGGRESSIVE;
				CLANG_CXX_LANGUAGE_STANDARD = "gnu++0x";
				CLANG_CXX_LIBRARY = "libc++";
				CLANG_ENABLE_MODULES = YES;
				CLANG_ENABLE_OBJC_ARC = YES;
				CLANG_WARN_BOOL_CONVERSION = YES;
				CLANG_WARN_CONSTANT_CONVERSION = YES;
				CLANG_WARN_DIRECT_OBJC_ISA_USAGE = YES_ERROR;
				CLANG_WARN_DOCUMENTATION_COMMENTS = YES;
				CLANG_WARN_EMPTY_BODY = YES;
				CLANG_WARN_ENUM_CONVERSION = YES;
				CLANG_WARN_INFINITE_RECURSION = YES;
				CLANG_WARN_INT_CONVERSION = YES;
				CLANG_WARN_OBJC_ROOT_CLASS = YES_ERROR;
				CLANG_WARN_SUSPICIOUS_MOVE = YES;
				CLANG_WARN_UNREACHABLE_CODE = YES;
				CLANG_WARN__DUPLICATE_METHOD_MATCH = YES;
				CODE_SIGN_IDENTITY = "-";
				COPY_PHASE_STRIP = NO;
				DEBUG_INFORMATION_FORMAT = "dwarf-with-dsym";
				ENABLE_NS_ASSERTIONS = NO;
				ENABLE_STRICT_OBJC_MSGSEND = YES;
				GCC_C_LANGUAGE_STANDARD = gnu99;
				GCC_NO_COMMON_BLOCKS = YES;
				GCC_WARN_64_TO_32_BIT_CONVERSION = YES;
				GCC_WARN_ABOUT_RETURN_TYPE = YES_ERROR;
				GCC_WARN_UNDECLARED_SELECTOR = YES;
				GCC_WARN_UNINITIALIZED_AUTOS = YES_AGGRESSIVE;
				GCC_WARN_UNUSED_FUNCTION = YES;
				GCC_WARN_UNUSED_VARIABLE = YES;
				MACOSX_DEPLOYMENT_TARGET = 10.12;
				MTL_ENABLE_DEBUG_INFO = NO;
				SDKROOT = macosx;
			};
			name = Release;
		};
		4A760F5B1EF76A52005ADF52 /* Debug */ = {
			isa = XCBuildConfiguration;
			buildSettings = {
				DEVELOPMENT_TEAM = E6779B3XT4;
				PRODUCT_NAME = "$(TARGET_NAME)";
				SWIFT_VERSION = 3.0;
			};
			name = Debug;
		};
		4A760F5C1EF76A52005ADF52 /* Release */ = {
			isa = XCBuildConfiguration;
			buildSettings = {
				DEVELOPMENT_TEAM = E6779B3XT4;
				PRODUCT_NAME = "$(TARGET_NAME)";
				SWIFT_VERSION = 3.0;
			};
			name = Release;
		};
/* End XCBuildConfiguration section */

/* Begin XCConfigurationList section */
		4A760F4E1EF76A52005ADF52 /* Build configuration list for PBXProject "20170619protocol" */ = {
			isa = XCConfigurationList;
			buildConfigurations = (
				4A760F581EF76A52005ADF52 /* Debug */,
				4A760F591EF76A52005ADF52 /* Release */,
			);
			defaultConfigurationIsVisible = 0;
			defaultConfigurationName = Release;
		};
		4A760F5A1EF76A52005ADF52 /* Build configuration list for PBXNativeTarget "20170619protocol" */ = {
			isa = XCConfigurationList;
			buildConfigurations = (
				4A760F5B1EF76A52005ADF52 /* Debug */,
				4A760F5C1EF76A52005ADF52 /* Release */,
			);
			defaultConfigurationIsVisible = 0;
		};
/* End XCConfigurationList section */
	};
	rootObject = 4A760F4B1EF76A52005ADF52 /* Project object */;
}
